
Microsoft Visual Studio Solution File, Format Version 12.00
# Visual Studio Version 17
VisualStudioVersion = 17.2.32616.157
MinimumVisualStudioVersion = 10.0.40219.1
Project("{FAE04EC0-301F-11D3-BF4B-00C04F79EFBC}") = "SelectListCustomize", "SelectListCustomize\SelectListCustomize.csproj", "{C85C48C6-515B-4B97-ABB2-4E3F1F50BF97}"
EndProject
Global
	GlobalSection(SolutionConfigurationPlatforms) = preSolution
		Debug|Any CPU = Debug|Any CPU
		Release|Any CPU = Release|Any CPU
	EndGlobalSection
	GlobalSection(ProjectConfigurationPlatforms) = postSolution
		{C85C48C6-515B-4B97-ABB2-4E3F1F50BF97}.Debug|Any CPU.ActiveCfg = Debug|Any CPU
		{C85C48C6-515B-4B97-ABB2-4E3F1F50BF97}.Debug|Any CPU.Build.0 = Debug|Any CPU
		{C85C48C6-515B-4B97-ABB2-4E3F1F50BF97}.Release|Any CPU.ActiveCfg = Release|Any CPU
		{C85C48C6-515B-4B97-ABB2-4E3F1F50BF97}.Release|Any CPU.Build.0 = Release|Any CPU
	EndGlobalSection
	GlobalSection(SolutionProperties) = preSolution
		HideSolutionNode = FALSE
	EndGlobalSection
	GlobalSection(ExtensibilityGlobals) = postSolution
		SolutionGuid = {22055142-76C3-406C-8EB9-B333C5E0B859}
	EndGlobalSection
EndGlobal
